
Microsoft Visual Studio Solution File, Format Version 12.00
# Visual Studio 15
VisualStudioVersion = 15.0.26730.3
MinimumVisualStudioVersion = 10.0.40219.1
Project("{FAE04EC0-301F-11D3-BF4B-00C04F79EFBC}") = "PaintPalleteProxy", "PaintPalleteProxy\PaintPalleteProxy.csproj", "{0B27FC05-1A74-496D-AF33-5E6BC161CE70}"
EndProject
Project("{FAE04EC0-301F-11D3-BF4B-00C04F79EFBC}") = "PaintPalleteProxyTest", "PaintPalleteProxyTest\PaintPalleteProxyTest.csproj", "{4ACFECCB-D2EC-430B-A8F0-109B8896A130}"
EndProject
Global
	GlobalSection(SolutionConfigurationPlatforms) = preSolution
		Debug|Any CPU = Debug|Any CPU
		Release|Any CPU = Release|Any CPU
	EndGlobalSection
	GlobalSection(ProjectConfigurationPlatforms) = postSolution
		{0B27FC05-1A74-496D-AF33-5E6BC161CE70}.Debug|Any CPU.ActiveCfg = Debug|Any CPU
		{0B27FC05-1A74-496D-AF33-5E6BC161CE70}.Debug|Any CPU.Build.0 = Debug|Any CPU
		{0B27FC05-1A74-496D-AF33-5E6BC161CE70}.Release|Any CPU.ActiveCfg = Release|Any CPU
		{0B27FC05-1A74-496D-AF33-5E6BC161CE70}.Release|Any CPU.Build.0 = Release|Any CPU
		{4ACFECCB-D2EC-430B-A8F0-109B8896A130}.Debug|Any CPU.ActiveCfg = Debug|Any CPU
		{4ACFECCB-D2EC-430B-A8F0-109B8896A130}.Debug|Any CPU.Build.0 = Debug|Any CPU
		{4ACFECCB-D2EC-430B-A8F0-109B8896A130}.Release|Any CPU.ActiveCfg = Release|Any CPU
		{4ACFECCB-D2EC-430B-A8F0-109B8896A130}.Release|Any CPU.Build.0 = Release|Any CPU
	EndGlobalSection
	GlobalSection(SolutionProperties) = preSolution
		HideSolutionNode = FALSE
	EndGlobalSection
	GlobalSection(ExtensibilityGlobals) = postSolution
		SolutionGuid = {D9D0B594-AC43-456A-B833-FEFE6BC58AD2}
	EndGlobalSection
EndGlobal
